
Microsoft Visual Studio Solution File, Format Version 12.00
# Visual Studio Version 16
VisualStudioVersion = 16.0.32002.261
MinimumVisualStudioVersion = 10.0.40219.1
Project("{FAE04EC0-301F-11D3-BF4B-00C04F79EFBC}") = "Ders8", "Ders8\Ders8.csproj", "{41CC28DD-715A-4783-AF55-7309604B7BDC}"
EndProject
Global
	GlobalSection(SolutionConfigurationPlatforms) = preSolution
		Debug|Any CPU = Debug|Any CPU
		Release|Any CPU = Release|Any CPU
	EndGlobalSection
	GlobalSection(ProjectConfigurationPlatforms) = postSolution
		{41CC28DD-715A-4783-AF55-7309604B7BDC}.Debug|Any CPU.ActiveCfg = Debug|Any CPU
		{41CC28DD-715A-4783-AF55-7309604B7BDC}.Debug|Any CPU.Build.0 = Debug|Any CPU
		{41CC28DD-715A-4783-AF55-7309604B7BDC}.Release|Any CPU.ActiveCfg = Release|Any CPU
		{41CC28DD-715A-4783-AF55-7309604B7BDC}.Release|Any CPU.Build.0 = Release|Any CPU
	EndGlobalSection
	GlobalSection(SolutionProperties) = preSolution
		HideSolutionNode = FALSE
	EndGlobalSection
	GlobalSection(ExtensibilityGlobals) = postSolution
		SolutionGuid = {94BDC3E9-DD19-4C0B-8542-8148CA655033}
	EndGlobalSection
EndGlobal
